
Microsoft Visual Studio Solution File, Format Version 12.00
# Visual Studio 15
VisualStudioVersion = 15.0.28307.168
MinimumVisualStudioVersion = 10.0.40219.1
Project("{FAE04EC0-301F-11D3-BF4B-00C04F79EFBC}") = "BankOCR", "BankOCR\BankOCR.csproj", "{B8A64BED-C9CF-4460-AAF8-779EB8540BF6}"
EndProject
Global
	GlobalSection(SolutionConfigurationPlatforms) = preSolution
		Debug|Any CPU = Debug|Any CPU
		Release|Any CPU = Release|Any CPU
	EndGlobalSection
	GlobalSection(ProjectConfigurationPlatforms) = postSolution
		{B8A64BED-C9CF-4460-AAF8-779EB8540BF6}.Debug|Any CPU.ActiveCfg = Debug|Any CPU
		{B8A64BED-C9CF-4460-AAF8-779EB8540BF6}.Debug|Any CPU.Build.0 = Debug|Any CPU
		{B8A64BED-C9CF-4460-AAF8-779EB8540BF6}.Release|Any CPU.ActiveCfg = Release|Any CPU
		{B8A64BED-C9CF-4460-AAF8-779EB8540BF6}.Release|Any CPU.Build.0 = Release|Any CPU
	EndGlobalSection
	GlobalSection(SolutionProperties) = preSolution
		HideSolutionNode = FALSE
	EndGlobalSection
	GlobalSection(ExtensibilityGlobals) = postSolution
		SolutionGuid = {F686A5E8-D9BB-44A5-AE7E-C729891415B4}
	EndGlobalSection
EndGlobal
